{
	"name": "ens-labels",
	"lockfileVersion": 3,
	"requires": true,
	"packages": {
		"": {
			"devDependencies": {
				"@adraffy/keccak": "^1.3.0"
			}
		},
		"node_modules/@adraffy/keccak": {
			"version": "1.3.0",
			"resolved": "https://registry.npmjs.org/@adraffy/keccak/-/keccak-1.3.0.tgz",
			"integrity": "sha512-M/N+FiawRPunKqfXI3c4Q3Td2jfp3jiWYMquG/FeBImiWqPES4s6hqRPOntRHX34ulINA18Y1ufrRne8AeBwxg==",
			"dev": true
		}
	}
}
