{
	"name": "ens-labels",
	"lockfileVersion": 3,
	"requires": true,
	"packages": {
		"": {
			"devDependencies": {
				"@adraffy/keccak": "^1.3.0"
			}
		},
		"node_modules/@adraffy/keccak": {
			"version": "1.3.4",
			"resolved": "https://registry.npmjs.org/@adraffy/keccak/-/keccak-1.3.4.tgz",
			"integrity": "sha512-9VS7zhxIpbTZESFfD6J5WDfXWmVX1AaVGt+GyUulaI8fBv2UrUY11DJ8ONkpD7N+uPI+ZOBUNmR/OydnfnTPsw==",
			"dev": true,
			"license": "MIT"
		}
	}
}
